
Microsoft Visual Studio Solution File, Format Version 12.00
# Visual Studio Version 17
VisualStudioVersion = 17.8.34330.188
MinimumVisualStudioVersion = 10.0.40219.1
Project("{9A19103F-16F7-4668-BE54-9A1E7A4F7556}") = "Chess", "Chess.csproj", "{C80DEB1F-F3A0-4A70-AA17-ADDA331C546D}"
EndProject
Project("{9A19103F-16F7-4668-BE54-9A1E7A4F7556}") = "Tests", "Tests\Tests.csproj", "{8B1FF5DD-D7D1-476F-A5C4-A8A82653B89E}"
EndProject
Project("{9A19103F-16F7-4668-BE54-9A1E7A4F7556}") = "Prototypes", "Prototypes\Prototypes.csproj", "{6BAF0355-1968-4AC0-A5A7-8942EEE92029}"
EndProject
Global
	GlobalSection(SolutionConfigurationPlatforms) = preSolution
		Debug|Any CPU = Debug|Any CPU
		Release|Any CPU = Release|Any CPU
	EndGlobalSection
	GlobalSection(ProjectConfigurationPlatforms) = postSolution
		{C80DEB1F-F3A0-4A70-AA17-ADDA331C546D}.Debug|Any CPU.ActiveCfg = Debug|Any CPU
		{C80DEB1F-F3A0-4A70-AA17-ADDA331C546D}.Debug|Any CPU.Build.0 = Debug|Any CPU
		{C80DEB1F-F3A0-4A70-AA17-ADDA331C546D}.Release|Any CPU.ActiveCfg = Release|Any CPU
		{C80DEB1F-F3A0-4A70-AA17-ADDA331C546D}.Release|Any CPU.Build.0 = Release|Any CPU
		{8B1FF5DD-D7D1-476F-A5C4-A8A82653B89E}.Debug|Any CPU.ActiveCfg = Debug|Any CPU
		{8B1FF5DD-D7D1-476F-A5C4-A8A82653B89E}.Debug|Any CPU.Build.0 = Debug|Any CPU
		{8B1FF5DD-D7D1-476F-A5C4-A8A82653B89E}.Release|Any CPU.ActiveCfg = Release|Any CPU
		{8B1FF5DD-D7D1-476F-A5C4-A8A82653B89E}.Release|Any CPU.Build.0 = Release|Any CPU
		{6BAF0355-1968-4AC0-A5A7-8942EEE92029}.Debug|Any CPU.ActiveCfg = Debug|Any CPU
		{6BAF0355-1968-4AC0-A5A7-8942EEE92029}.Debug|Any CPU.Build.0 = Debug|Any CPU
		{6BAF0355-1968-4AC0-A5A7-8942EEE92029}.Release|Any CPU.ActiveCfg = Release|Any CPU
		{6BAF0355-1968-4AC0-A5A7-8942EEE92029}.Release|Any CPU.Build.0 = Release|Any CPU
	EndGlobalSection
	GlobalSection(SolutionProperties) = preSolution
		HideSolutionNode = FALSE
	EndGlobalSection
	GlobalSection(ExtensibilityGlobals) = postSolution
		SolutionGuid = {2A48EE1C-7D17-4508-BF01-8071B89C95B9}
	EndGlobalSection
EndGlobal
